
Microsoft Visual Studio Solution File, Format Version 11.00
# Visual Studio 2010
Project("{FAE04EC0-301F-11D3-BF4B-00C04F79EFBC}") = "TweetMayhem", "TwitterMayhem\TweetMayhem.csproj", "{43CE23D1-BB36-4B03-B8C8-0AD6A1DD39D0}"
EndProject
Global
	GlobalSection(SolutionConfigurationPlatforms) = preSolution
		Debug|Any CPU = Debug|Any CPU
		Release|Any CPU = Release|Any CPU
	EndGlobalSection
	GlobalSection(ProjectConfigurationPlatforms) = postSolution
		{43CE23D1-BB36-4B03-B8C8-0AD6A1DD39D0}.Debug|Any CPU.ActiveCfg = Debug|Any CPU
		{43CE23D1-BB36-4B03-B8C8-0AD6A1DD39D0}.Debug|Any CPU.Build.0 = Debug|Any CPU
		{43CE23D1-BB36-4B03-B8C8-0AD6A1DD39D0}.Release|Any CPU.ActiveCfg = Release|Any CPU
		{43CE23D1-BB36-4B03-B8C8-0AD6A1DD39D0}.Release|Any CPU.Build.0 = Release|Any CPU
	EndGlobalSection
	GlobalSection(SolutionProperties) = preSolution
		HideSolutionNode = FALSE
	EndGlobalSection
EndGlobal
